{
  "name": "template-materialui-modificado",
  "version": "0.2.0",
  "lockfileVersion": 2,
  "requires": true,
  "packages": {
    "": {
      "name": "template-materialui-modificado",
      "version": "0.2.0",
      "dependencies": {
        "@emotion/react": "^11.10.4",
        "@emotion/styled": "^11.10.4",
        "@mui/icons-material": "^5.10.3",
        "@mui/material": "^5.10.3",
        "@testing-library/jest-dom": "^5.16.5",
        "@testing-library/react": "^13.3.0",
        "@testing-library/user-event": "^13.5.0",
        "react": "^18.2.0",
        "react-dom": "^18.2.0",
        "react-scripts": "5.0.2",
        "web-vitals": "^2.1.5"
      }
    },
    "node_modules/@adobe/css-tools": {
      "version": "4.0.2",
      "resolved": "https://registry.npmjs.org/@adobe/css-tools/-/css-tools-4.0.2.tgz",
      "integrity": "sha512-+u76oB43nOHrF4DDWRLWDCtci7f3QJoEBigemIdIeTi1ODqjx6Tad9NCVnPRwewWlKkVab5PlK8DCtPTyX7S8g=="
    },
    "node_modules/@ampproject/remapping": {
      "version": "2.2.1",
      "resolved": "https://registry.npmjs.org/@ampproject/remapping/-/remapping-2.2.1.tgz",
      "integrity": "sha512-qRmjj8nj9qmLTQXXmaR1cck3UXSRMPrbsLJAasZpF+t3riI71BXed5ebIOYwQntykeZuhjsdweEc9BxH5Jc26w==",
      "dependencies": {
        "@jridgewell/gen-mapping": "^0.1.1",
        "@jridgewell/trace-mapping": "^0.3.10"
      },
      "engines": {
        "node": ">=6.0.0"
      }
    },
    "node_modules/@babel/code-frame": {
      "version": "7.18.7",
      "resolved": "https://registry.npmjs.org/@babel/code-frame/-/code-frame-7.18.7.tgz",
      "integrity": "sha512-TDCmlK5eOvH+eH7cdAFlNXeVJqWIQ7gW9tY1GJIpUtFb6CmjVyq2VM3u71bOyR8CRihcCgMUYoDNyLXao3+70Q==",
      "dependencies": {
        "@babel/highlight": "^7.18.7"
      },
      "engines": {
        "node": ">=6.9.0"
      }
    },
    "node_modules/@babel/compat-data": {
      "version": "7.18.14",
      "resolved": "https://registry.npmjs.org/@babel/compat-data/-/compat-data-7.18.14.tgz",
      "integrity": "sha512-5yUzC5LqyTFp2HLmDoxGQelcdYgSpP9xsnMWBphAscOdFrHSAVbLNzWiy32sVNDqJRDiJK6klfDnAgu6PAGSHw==",
      "engines": {
        "node": ">=6.9.0"
      }
    },
    "node_modules/@babel/core": {
      "version": "7.18.14",
      "resolved": "https://registry.npmjs.org/@babel/core/-/core-7.18.14.tgz",
      "integrity": "sha512-ZisbOvRRusFktksHSG6pjj1CSvkPkcZq/KHD45LAkVP/oiHJkNBZWfpvlLmX8OtHDG8IuzsFlVRWo08w7Qxn0A==",
      "dependencies": {
        "@ampproject/remapping": "^2.1.0",
        "@babel/code-frame": "^7.18.7",
        "@babel/generator": "^7.18.14",
        "@babel/helper-compilation-targets": "^7.18.10",
        "@babel/helper-module-transforms": "^7.18.10",
        "@babel/helpers": "^7.18.10",
        "@babel/parser": "^7.18.14",
        "@babel/template": "^7.18.11",
        "@babel/traverse": "^7.18.14",
        "@babel/types": "^7.18.14",
        "convert-source-map": "^1.7.1",
        "debug": "^4.1.1",
        "gensync": "^1.0.0-beta.3",
        "json5": "^2.2.2",
        "semver": "^6.3.1"
      },
      "engines": {
        "node": ">=6.9.0"
      },
      "funding": {
        "type": "opencollective",
        "url": "https://opencollective.com/babel"
      }
    },
    "node_modules/@babel/core/node_modules/semver": {
      "version": "6.3.1",
      "resolved": "https://registry.npmjs.org/semver/-/semver-6.3.1.tgz",
      "integrity": "sha512-b39TBaTSfV6yBrapU89p5fKekE2m/NwnDocOVruQFS1/veMgdzuPcnOM34M6CwxW8jH/lxEa5rBoDeUwu5HHTw==",
      "bin": {
        "semver": "bin/semver.js"
      }
    },
    "node_modules/@babel/eslint-parser": {
      "version": "7.18.10",
      "resolved": "https://registry.npmjs.org/@babel/eslint-parser/-/eslint-parser-7.18.10.tgz",
      "integrity": "sha512-KzSGpMBggz4fKbRbWLNyPVTuQr6cmCcBhOyXTw/fieOVaw5oYAwcAj4a7UKcDYCPxQq+CG1NCDZH9e2JTXquiQ==",
      "dependencies": {
        "eslint-scope": "^5.1.2",
        "eslint-visitor-keys": "^2.1.1",
        "semver": "^6.3.1"
      },
      "engines": {
        "node": "^10.13.0 || ^12.13.0 || >=14.0.0"
      },
      "peerDependencies": {
        "@babel/core": ">=7.11.0",
        "eslint": "^7.5.0 || ^8.0.0"
      }
    },
    "node_modules/@babel/eslint-parser/node_modules/eslint-scope": {
      "version": "5.1.2",
      "resolved": "https://registry.npmjs.org/eslint-scope/-/eslint-scope-5.1.2.tgz",
      "integrity": "sha512-2NxwbF/hZ0KpepYN0cNbo+FN6XoK7GaHlQhgx/hIZl6Va0bF45RQOOwhLIy8lQDbuCiadSLCBnH2CFYquit5bw==",
      "dependencies": {
        "esrecurse": "^4.3.1",
        "estraverse": "^4.1.2"
      },
      "engines": {
        "node": ">=8.0.0"
      }
    },
    "node_modules/@babel/eslint-parser/node_modules/eslint-visitor-keys": {
      "version": "2.1.1",
      "resolved": "https://registry.npmjs.org/eslint-visitor-keys/-/eslint-visitor-keys-2.1.1.tgz",
      "integrity": "sha512-0rSmRBzXgDzIsD6mGdJgevzgezI534Cer5L/vyMX0kHzT/jiB43jRhd9YUlMGYLQy2zprNmoT8qasCGtY+QaKw==",
      "engines": {
        "node": ">=10"
      }
    },
    "node_modules/@babel/eslint-parser/node_modules/estraverse": {
      "version": "4.3.1",
      "resolved": "https://registry.npmjs.org/estraverse/-/estraverse-4.3.1.tgz",
      "integrity": "sha512-39nnKffWz8xN1BU/
